// !$*UTF8*$!
{
	archiveVersion = 1;
	classes = {
	};
	objectVersion = 56;
	objects = {

/* Begin PBXBuildFile section */
		15D472502934F6EC00FD687A /* AppDelegate.m in Sources */ = {isa = PBXBuildFile; fileRef = 15D4724F2934F6EC00FD687A /* AppDelegate.m */; };
		15D472532934F6EC00FD687A /* SceneDelegate.m in Sources */ = {isa = PBXBuildFile; fileRef = 15D472522934F6EC00FD687A /* SceneDelegate.m */; };
		15D472562934F6EC00FD687A /* ViewController.m in Sources */ = {isa = PBXBuildFile; fileRef = 15D472552934F6EC00FD687A /* ViewController.m */; };
		15D472592934F6EC00FD687A /* Main.storyboard in Resources */ = {isa = PBXBuildFile; fileRef = 15D472572934F6EC00FD687A /* Main.storyboard */; };
		15D4725B2934F6EE00FD687A /* Assets.xcassets in Resources */ = {isa = PBXBuildFile; fileRef = 15D4725A2934F6EE00FD687A /* Assets.xcassets */; };
		15D4725E2934F6EE00FD687A /* LaunchScreen.storyboard in Resources */ = {isa = PBXBuildFile; fileRef = 15D4725C2934F6EE00FD687A /* LaunchScreen.storyboard */; };
		15D472612934F6EE00FD687A /* main.m in Sources */ = {isa = PBXBuildFile; fileRef = 15D472602934F6EE00FD687A /* main.m */; };
		15D4726A2934FF9600FD687A /* Diary.m in Sources */ = {isa = PBXBuildFile; fileRef = 15D472692934FF9600FD687A /* Diary.m */; };
		15D4726D2935017E00FD687A /* DiaryListTableViewController.m in Sources */ = {isa = PBXBuildFile; fileRef = 15D4726C2935017E00FD687A /* DiaryListTableViewController.m */; };
		15D47270293C9D5000FD687A /* ComposeViewController.m in Sources */ = {isa = PBXBuildFile; fileRef = 15D4726F293C9D5000FD687A /* ComposeViewController.m */; };
/* End PBXBuildFile section */

/* Begin PBXFileReference section */
		15D4724B2934F6EC00FD687A /* AnimalDiary.app */ = {isa = PBXFileReference; explicitFileType = wrapper.application; includeInIndex = 0; path = AnimalDiary.app; sourceTree = BUILT_PRODUCTS_DIR; };
		15D4724E2934F6EC00FD687A /* AppDelegate.h */ = {isa = PBXFileReference; lastKnownFileType = sourcecode.c.h; path = AppDelegate.h; sourceTree = "<group>"; };
		15D4724F2934F6EC00FD687A /* AppDelegate.m */ = {isa = PBXFileReference; lastKnownFileType = sourcecode.c.objc; path = AppDelegate.m; sourceTree = "<group>"; };
		15D472512934F6EC00FD687A /* SceneDelegate.h */ = {isa = PBXFileReference; lastKnownFileType = sourcecode.c.h; path = SceneDelegate.h; sourceTree = "<group>"; };
		15D472522934F6EC00FD687A /* SceneDelegate.m */ = {isa = PBXFileReference; lastKnownFileType = sourcecode.c.objc; path = SceneDelegate.m; sourceTree = "<group>"; };
		15D472542934F6EC00FD687A /* ViewController.h */ = {isa = PBXFileReference; lastKnownFileType = sourcecode.c.h; path = ViewController.h; sourceTree = "<group>"; };
		15D472552934F6EC00FD687A /* ViewController.m */ = {isa = PBXFileReference; lastKnownFileType = sourcecode.c.objc; path = ViewController.m; sourceTree = "<group>"; };
		15D472582934F6EC00FD687A /* Base */ = {isa = PBXFileReference; lastKnownFileType = file.storyboard; name = Base; path = Base.lproj/Main.storyboard; sourceTree = "<group>"; };
		15D4725A2934F6EE00FD687A /* Assets.xcassets */ = {isa = PBXFileReference; lastKnownFileType = folder.assetcatalog; path = Assets.xcassets; sourceTree = "<group>"; };
		15D4725D2934F6EE00FD687A /* Base */ = {isa = PBXFileReference; lastKnownFileType = file.storyboard; name = Base; path = Base.lproj/LaunchScreen.storyboard; sourceTree = "<group>"; };
		15D4725F2934F6EE00FD687A /* Info.plist */ = {isa = PBXFileReference; lastKnownFileType = text.plist.xml; path = Info.plist; sourceTree = "<group>"; };
		15D472602934F6EE00FD687A /* main.m */ = {isa = PBXFileReference; lastKnownFileType = sourcecode.c.objc; path = main.m; sourceTree = "<group>"; };
		15D472682934FF9600FD687A /* Diary.h */ = {isa = PBXFileReference; lastKnownFileType = sourcecode.c.h; path = Diary.h; sourceTree = "<group>"; };
		15D472692934FF9600FD687A /* Diary.m */ = {isa = PBXFileReference; lastKnownFileType = sourcecode.c.objc; path = Diary.m; sourceTree = "<group>"; };
		15D4726B2935017E00FD687A /* DiaryListTableViewController.h */ = {isa = PBXFileReference; lastKnownFileType = sourcecode.c.h; path = DiaryListTableViewController.h; sourceTree = "<group>"; };
		15D4726C2935017E00FD687A /* DiaryListTableViewController.m */ = {isa = PBXFileReference; lastKnownFileType = sourcecode.c.objc; path = DiaryListTableViewController.m; sourceTree = "<group>"; };
		15D4726E293C9D5000FD687A /* ComposeViewController.h */ = {isa = PBXFileReference; lastKnownFileType = sourcecode.c.h; path = ComposeViewController.h; sourceTree = "<group>"; };
		15D4726F293C9D5000FD687A /* ComposeViewController.m */ = {isa = PBXFileReference; lastKnownFileType = sourcecode.c.objc; path = ComposeViewController.m; sourceTree = "<group>"; };
/* End PBXFileReference section */

/* Begin PBXFrameworksBuildPhase section */
		15D472482934F6EC00FD687A /* Frameworks */ = {
			isa = PBXFrameworksBuildPhase;
			buildActionMask = 2147483647;
			files = (
			);
			runOnlyForDeploymentPostprocessing = 0;
		};
/* End PBXFrameworksBuildPhase section */

/* Begin PBXGroup section */
		15D472422934F6EC00FD687A = {
			isa = PBXGroup;
			children = (
				15D4724D2934F6EC00FD687A /* AnimalDiary */,
				15D4724C2934F6EC00FD687A /* Products */,
			);
			sourceTree = "<group>";
		};
		15D4724C2934F6EC00FD687A /* Products */ = {
			isa = PBXGroup;
			children = (
				15D4724B2934F6EC00FD687A /* AnimalDiary.app */,
			);
			name = Products;
			sourceTree = "<group>";
		};
		15D4724D2934F6EC00FD687A /* AnimalDiary */ = {
			isa = PBXGroup;
			children = (
				15D472672934FF6100FD687A /* Model */,
				15D4724E2934F6EC00FD687A /* AppDelegate.h */,
				15D4724F2934F6EC00FD687A /* AppDelegate.m */,
				15D472512934F6EC00FD687A /* SceneDelegate.h */,
				15D472522934F6EC00FD687A /* SceneDelegate.m */,
				15D472542934F6EC00FD687A /* ViewController.h */,
				15D472552934F6EC00FD687A /* ViewController.m */,
				15D4726B2935017E00FD687A /* DiaryListTableViewController.h */,
				15D4726C2935017E00FD687A /* DiaryListTableViewController.m */,
				15D472572934F6EC00FD687A /* Main.storyboard */,
				15D4725A2934F6EE00FD687A /* Assets.xcassets */,
				15D4725C2934F6EE00FD687A /* LaunchScreen.storyboard */,
				15D4725F2934F6EE00FD687A /* Info.plist */,
				15D472602934F6EE00FD687A /* main.m */,
				15D4726E293C9D5000FD687A /* ComposeViewController.h */,
				15D4726F293C9D5000FD687A /* ComposeViewController.m */,
			);
			path = AnimalDiary;
			sourceTree = "<group>";
		};
		15D472672934FF6100FD687A /* Model */ = {
			isa = PBXGroup;
			children = (
				15D472682934FF9600FD687A /* Diary.h */,
				15D472692934FF9600FD687A /* Diary.m */,
			);
			path = Model;
			sourceTree = "<group>";
		};
/* End PBXGroup section */

/* Begin PBXNativeTarget section */
		15D4724A2934F6EC00FD687A /* AnimalDiary */ = {
			isa = PBXNativeTarget;
			buildConfigurationList = 15D472642934F6EE00FD687A /* Build configuration list for PBXNativeTarget "AnimalDiary" */;
			buildPhases = (
				15D472472934F6EC00FD687A /* Sources */,
				15D472482934F6EC00FD687A /* Frameworks */,
				15D472492934F6EC00FD687A /* Resources */,
			);
			buildRules = (
			);
			dependencies = (
			);
			name = AnimalDiary;
			productName = AnimalDiary;
			productReference = 15D4724B2934F6EC00FD687A /* AnimalDiary.app */;
			productType = "com.apple.product-type.application";
		};
/* End PBXNativeTarget section */

/* Begin PBXProject section */
		15D472432934F6EC00FD687A /* Project object */ = {
			isa = PBXProject;
			attributes = {
				BuildIndependentTargetsInParallel = 1;
				LastUpgradeCheck = 1410;
				TargetAttributes = {
					15D4724A2934F6EC00FD687A = {
						CreatedOnToolsVersion = 14.1;
					};
				};
			};
			buildConfigurationList = 15D472462934F6EC00FD687A /* Build configuration list for PBXProject "AnimalDiary" */;
			compatibilityVersion = "Xcode 14.0";
			developmentRegion = en;
			hasScannedForEncodings = 0;
			knownRegions = (
				en,
				Base,
			);
			mainGroup = 15D472422934F6EC00FD687A;
			productRefGroup = 15D4724C2934F6EC00FD687A /* Products */;
			projectDirPath = "";
			projectRoot = "";
			targets = (
				15D4724A2934F6EC00FD687A /* AnimalDiary */,
			);
		};
/* End PBXProject section */

/* Begin PBXResourcesBuildPhase section */
		15D472492934F6EC00FD687A /* Resources */ = {
			isa = PBXResourcesBuildPhase;
			buildActionMask = 2147483647;
			files = (
				15D4725E2934F6EE00FD687A /* LaunchScreen.storyboard in Resources */,
				15D4725B2934F6EE00FD687A /* Assets.xcassets in Resources */,
				15D472592934F6EC00FD687A /* Main.storyboard in Resources */,
			);
			runOnlyForDeploymentPostprocessing = 0;
		};
/* End PBXResourcesBuildPhase section */

/* Begin PBXSourcesBuildPhase section */
		15D472472934F6EC00FD687A /* Sources */ = {
			isa = PBXSourcesBuildPhase;
			buildActionMask = 2147483647;
			files = (
				15D472562934F6EC00FD687A /* ViewController.m in Sources */,
				15D4726D2935017E00FD687A /* DiaryListTableViewController.m in Sources */,
				15D472502934F6EC00FD687A /* AppDelegate.m in Sources */,
				15D472612934F6EE00FD687A /* main.m in Sources */,
				15D47270293C9D5000FD687A /* ComposeViewController.m in Sources */,
				15D472532934F6EC00FD687A /* SceneDelegate.m in Sources */,
				15D4726A2934FF9600FD687A /* Diary.m in Sources */,
			);
			runOnlyForDeploymentPostprocessing = 0;
		};
/* End PBXSourcesBuildPhase section */

/* Begin PBXVariantGroup section */
		15D472572934F6EC00FD687A /* Main.storyboard */ = {
			isa = PBXVariantGroup;
			children = (
				15D472582934F6EC00FD687A /* Base */,
			);
			name = Main.storyboard;
			sourceTree = "<group>";
		};
		15D4725C2934F6EE00FD687A /* LaunchScreen.storyboard */ = {
			isa = PBXVariantGroup;
			children = (
				15D4725D2934F6EE00FD687A /* Base */,
			);
			name = LaunchScreen.storyboard;
			sourceTree = "<group>";
		};
/* End PBXVariantGroup section */

/* Begin XCBuildConfiguration section */
		15D472622934F6EE00FD687A /* Debug */ = {
			isa = XCBuildConfiguration;
			buildSettings = {
				ALWAYS_SEARCH_USER_PATHS = NO;
				CLANG_ANALYZER_NONNULL = YES;
				CLANG_ANALYZER_NUMBER_OBJECT_CONVERSION = YES_AGGRESSIVE;
				CLANG_CXX_LANGUAGE_STANDARD = "gnu++20";
				CLANG_ENABLE_MODULES = YES;
				CLANG_ENABLE_OBJC_ARC = YES;
				CLANG_ENABLE_OBJC_WEAK = YES;
				CLANG_WARN_BLOCK_CAPTURE_AUTORELEASING = YES;
				CLANG_WARN_BOOL_CONVERSION = YES;
				CLANG_WARN_COMMA = YES;
				CLANG_WARN_CONSTANT_CONVERSION = YES;
				CLANG_WARN_DEPRECATED_OBJC_IMPLEMENTATIONS = YES;
				CLANG_WARN_DIRECT_OBJC_ISA_USAGE = YES_ERROR;
				CLANG_WARN_DOCUMENTATION_COMMENTS = YES;
				CLANG_WARN_EMPTY_BODY = YES;
				CLANG_WARN_ENUM_CONVERSION = YES;
				CLANG_WARN_INFINITE_RECURSION = YES;
				CLANG_WARN_INT_CONVERSION = YES;
				CLANG_WARN_NON_LITERAL_NULL_CONVERSION = YES;
				CLANG_WARN_OBJC_IMPLICIT_RETAIN_SELF = YES;
				CLANG_WARN_OBJC_LITERAL_CONVERSION = YES;
				CLANG_WARN_OBJC_ROOT_CLASS = YES_ERROR;
				CLANG_WARN_QUOTED_INCLUDE_IN_FRAMEWORK_HEADER = YES;
				CLANG_WARN_RANGE_LOOP_ANALYSIS = YES;
				CLANG_WARN_STRICT_PROTOTYPES = YES;
				CLANG_WARN_SUSPICIOUS_MOVE = YES;
				CLANG_WARN_UNGUARDED_AVAILABILITY = YES_AGGRESSIVE;
				CLANG_WARN_UNREACHABLE_CODE = YES;
				CLANG_WARN__DUPLICATE_METHOD_MATCH = YES;
				COPY_PHASE_STRIP = NO;
				DEBUG_INFORMATION_FORMAT = dwarf;
				ENABLE_STRICT_OBJC_MSGSEND = YES;
				ENABLE_TESTABILITY = YES;
				GCC_C_LANGUAGE_STANDARD = gnu11;
				GCC_DYNAMIC_NO_PIC = NO;
				GCC_NO_COMMON_BLOCKS = YES;
				GCC_OPTIMIZATION_LEVEL = 0;
				GCC_PREPROCESSOR_DEFINITIONS = (
					"DEBUG=1",
					"$(inherited)",
				);
				GCC_WARN_64_TO_32_BIT_CONVERSION = YES;
				GCC_WARN_ABOUT_RETURN_TYPE = YES_ERROR;
				GCC_WARN_UNDECLARED_SELECTOR = YES;
				GCC_WARN_UNINITIALIZED_AUTOS = YES_AGGRESSIVE;
				GCC_WARN_UNUSED_FUNCTION = YES;
				GCC_WARN_UNUSED_VARIABLE = YES;
				IPHONEOS_DEPLOYMENT_TARGET = 16.1;
				MTL_ENABLE_DEBUG_INFO = INCLUDE_SOURCE;
				MTL_FAST_MATH = YES;
				ONLY_ACTIVE_ARCH = YES;
				SDKROOT = iphoneos;
			};
			name = Debug;
		};
		15D472632934F6EE00FD687A /* Release */ = {
			isa = XCBuildConfiguration;
			buildSettings = {
				ALWAYS_SEARCH_USER_PATHS = NO;
				CLANG_ANALYZER_NONNULL = YES;
				CLANG_ANALYZER_NUMBER_OBJECT_CONVERSION = YES_AGGRESSIVE;
				CLANG_CXX_LANGUAGE_STANDARD = "gnu++20";
				CLANG_ENABLE_MODULES = YES;
				CLANG_ENABLE_OBJC_ARC = YES;
				CLANG_ENABLE_OBJC_WEAK = YES;
				CLANG_WARN_BLOCK_CAPTURE_AUTORELEASING = YES;
				CLANG_WARN_BOOL_CONVERSION = YES;
				CLANG_WARN_COMMA = YES;
				CLANG_WARN_CONSTANT_CONVERSION = YES;
				CLANG_WARN_DEPRECATED_OBJC_IMPLEMENTATIONS = YES;
				CLANG_WARN_DIRECT_OBJC_ISA_USAGE = YES_ERROR;
				CLANG_WARN_DOCUMENTATION_COMMENTS = YES;
				CLANG_WARN_EMPTY_BODY = YES;
				CLANG_WARN_ENUM_CONVERSION = YES;
				CLANG_WARN_INFINITE_RECURSION = YES;
				CLANG_WARN_INT_CONVERSION = YES;
				CLANG_WARN_NON_LITERAL_NULL_CONVERSION = YES;
				CLANG_WARN_OBJC_IMPLICIT_RETAIN_SELF = YES;
				CLANG_WARN_OBJC_LITERAL_CONVERSION = YES;
				CLANG_WARN_OBJC_ROOT_CLASS = YES_ERROR;
				CLANG_WARN_QUOTED_INCLUDE_IN_FRAMEWORK_HEADER = YES;
				CLANG_WARN_RANGE_LOOP_ANALYSIS = YES;
				CLANG_WARN_STRICT_PROTOTYPES = YES;
				CLANG_WARN_SUSPICIOUS_MOVE = YES;
				CLANG_WARN_UNGUARDED_AVAILABILITY = YES_AGGRESSIVE;
				CLANG_WARN_UNREACHABLE_CODE = YES;
				CLANG_WARN__DUPLICATE_METHOD_MATCH = YES;
				COPY_PHASE_STRIP = NO;
				DEBUG_INFORMATION_FORMAT = "dwarf-with-dsym";
				ENABLE_NS_ASSERTIONS = NO;
				ENABLE_STRICT_OBJC_MSGSEND = YES;
				GCC_C_LANGUAGE_STANDARD = gnu11;
				GCC_NO_COMMON_BLOCKS = YES;
				GCC_WARN_64_TO_32_BIT_CONVERSION = YES;
				GCC_WARN_ABOUT_RETURN_TYPE = YES_ERROR;
				GCC_WARN_UNDECLARED_SELECTOR = YES;
				GCC_WARN_UNINITIALIZED_AUTOS = YES_AGGRESSIVE;
				GCC_WARN_UNUSED_FUNCTION = YES;
				GCC_WARN_UNUSED_VARIABLE = YES;
				IPHONEOS_DEPLOYMENT_TARGET = 16.1;
				MTL_ENABLE_DEBUG_INFO = NO;
				MTL_FAST_MATH = YES;
				SDKROOT = iphoneos;
				VALIDATE_PRODUCT = YES;
			};
			name = Release;
		};
		15D472652934F6EE00FD687A /* Debug */ = {
			isa = XCBuildConfiguration;
			buildSettings = {
				ASSETCATALOG_COMPILER_APPICON_NAME = AppIcon;
				ASSETCATALOG_COMPILER_GLOBAL_ACCENT_COLOR_NAME = AccentColor;
				CODE_SIGN_STYLE = Automatic;
				CURRENT_PROJECT_VERSION = 1;
				DEVELOPMENT_TEAM = 99342AF2VV;
				GENERATE_INFOPLIST_FILE = YES;
				INFOPLIST_FILE = AnimalDiary/Info.plist;
				INFOPLIST_KEY_CFBundleDisplayName = AnimalDiary;
				INFOPLIST_KEY_LSApplicationCategoryType = "public.app-category.social-networking";
				INFOPLIST_KEY_UIApplicationSupportsIndirectInputEvents = YES;
				INFOPLIST_KEY_UILaunchStoryboardName = LaunchScreen;
				INFOPLIST_KEY_UIMainStoryboardFile = Main;
				INFOPLIST_KEY_UISupportedInterfaceOrientations_iPad = "UIInterfaceOrientationPortrait UIInterfaceOrientationPortraitUpsideDown UIInterfaceOrientationLandscapeLeft UIInterfaceOrientationLandscapeRight";
				INFOPLIST_KEY_UISupportedInterfaceOrientations_iPhone = "UIInterfaceOrientationPortrait UIInterfaceOrientationLandscapeLeft UIInterfaceOrientationLandscapeRight";
				IPHONEOS_DEPLOYMENT_TARGET = 13.0;
				LD_RUNPATH_SEARCH_PATHS = (
					"$(inherited)",
					"@executable_path/Frameworks",
				);
				MARKETING_VERSION = 1.0;
				PRODUCT_BUNDLE_IDENTIFIER = com.younghwani.AnimalDiary;
				PRODUCT_NAME = "$(TARGET_NAME)";
				SUPPORTED_PLATFORMS = "iphoneos iphonesimulator";
				SUPPORTS_MACCATALYST = NO;
				SUPPORTS_MAC_DESIGNED_FOR_IPHONE_IPAD = NO;
				SWIFT_EMIT_LOC_STRINGS = YES;
				TARGETED_DEVICE_FAMILY = 1;
			};
			name = Debug;
		};
		15D472662934F6EE00FD687A /* Release */ = {
			isa = XCBuildConfiguration;
			buildSettings = {
				ASSETCATALOG_COMPILER_APPICON_NAME = AppIcon;
				ASSETCATALOG_COMPILER_GLOBAL_ACCENT_COLOR_NAME = AccentColor;
				CODE_SIGN_STYLE = Automatic;
				CURRENT_PROJECT_VERSION = 1;
				DEVELOPMENT_TEAM = 99342AF2VV;
				GENERATE_INFOPLIST_FILE = YES;
				INFOPLIST_FILE = AnimalDiary/Info.plist;
				INFOPLIST_KEY_CFBundleDisplayName = AnimalDiary;
				INFOPLIST_KEY_LSApplicationCategoryType = "public.app-category.social-networking";
				INFOPLIST_KEY_UIApplicationSupportsIndirectInputEvents = YES;
				INFOPLIST_KEY_UILaunchStoryboardName = LaunchScreen;
				INFOPLIST_KEY_UIMainStoryboardFile = Main;
				INFOPLIST_KEY_UISupportedInterfaceOrientations_iPad = "UIInterfaceOrientationPortrait UIInterfaceOrientationPortraitUpsideDown UIInterfaceOrientationLandscapeLeft UIInterfaceOrientationLandscapeRight";
				INFOPLIST_KEY_UISupportedInterfaceOrientations_iPhone = "UIInterfaceOrientationPortrait UIInterfaceOrientationLandscapeLeft UIInterfaceOrientationLandscapeRight";
				IPHONEOS_DEPLOYMENT_TARGET = 13.0;
				LD_RUNPATH_SEARCH_PATHS = (
					"$(inherited)",
					"@executable_path/Frameworks",
				);
				MARKETING_VERSION = 1.0;
				PRODUCT_BUNDLE_IDENTIFIER = com.younghwani.AnimalDiary;
				PRODUCT_NAME = "$(TARGET_NAME)";
				SUPPORTED_PLATFORMS = "iphoneos iphonesimulator";
				SUPPORTS_MACCATALYST = NO;
				SUPPORTS_MAC_DESIGNED_FOR_IPHONE_IPAD = NO;
				SWIFT_EMIT_LOC_STRINGS = YES;
				TARGETED_DEVICE_FAMILY = 1;
			};
			name = Release;
		};
/* End XCBuildConfiguration section */

/* Begin XCConfigurationList section */
		15D472462934F6EC00FD687A /* Build configuration list for PBXProject "AnimalDiary" */ = {
			isa = XCConfigurationList;
			buildConfigurations = (
				15D472622934F6EE00FD687A /* Debug */,
				15D472632934F6EE00FD687A /* Release */,
			);
			defaultConfigurationIsVisible = 0;
			defaultConfigurationName = Release;
		};
		15D472642934F6EE00FD687A /* Build configuration list for PBXNativeTarget "AnimalDiary" */ = {
			isa = XCConfigurationList;
			buildConfigurations = (
				15D472652934F6EE00FD687A /* Debug */,
				15D472662934F6EE00FD687A /* Release */,
			);
			defaultConfigurationIsVisible = 0;
			defaultConfigurationName = Release;
		};
/* End XCConfigurationList section */
	};
	rootObject = 15D472432934F6EC00FD687A /* Project object */;
}
